
Microsoft Visual Studio Solution File, Format Version 12.00
# Visual Studio Version 16
VisualStudioVersion = 16.0.31729.503
MinimumVisualStudioVersion = 10.0.40219.1
Project("{8BC9CEB8-8B4A-11D0-8D11-00A0C91BC942}") = "GMS-modele-sieci", "GMS-modele-sieci\GMS-modele-sieci.vcxproj", "{344C3364-4974-484A-AD8F-0AF11FB45DAA}"
EndProject
Global
	GlobalSection(SolutionConfigurationPlatforms) = preSolution
		Debug|x64 = Debug|x64
		Debug|x86 = Debug|x86
		Release|x64 = Release|x64
		Release|x86 = Release|x86
	EndGlobalSection
	GlobalSection(ProjectConfigurationPlatforms) = postSolution
		{344C3364-4974-484A-AD8F-0AF11FB45DAA}.Debug|x64.ActiveCfg = Debug|x64
		{344C3364-4974-484A-AD8F-0AF11FB45DAA}.Debug|x64.Build.0 = Debug|x64
		{344C3364-4974-484A-AD8F-0AF11FB45DAA}.Debug|x86.ActiveCfg = Debug|Win32
		{344C3364-4974-484A-AD8F-0AF11FB45DAA}.Debug|x86.Build.0 = Debug|Win32
		{344C3364-4974-484A-AD8F-0AF11FB45DAA}.Release|x64.ActiveCfg = Release|x64
		{344C3364-4974-484A-AD8F-0AF11FB45DAA}.Release|x64.Build.0 = Release|x64
		{344C3364-4974-484A-AD8F-0AF11FB45DAA}.Release|x86.ActiveCfg = Release|Win32
		{344C3364-4974-484A-AD8F-0AF11FB45DAA}.Release|x86.Build.0 = Release|Win32
	EndGlobalSection
	GlobalSection(SolutionProperties) = preSolution
		HideSolutionNode = FALSE
	EndGlobalSection
	GlobalSection(ExtensibilityGlobals) = postSolution
		SolutionGuid = {EBEC2BF7-6115-43EE-A7C0-8EADBAD7B0BD}
	EndGlobalSection
EndGlobal
